
Microsoft Visual Studio Solution File, Format Version 12.00
# Visual Studio Version 17
VisualStudioVersion = 17.9.34723.18
MinimumVisualStudioVersion = 10.0.40219.1
Project("{FAE04EC0-301F-11D3-BF4B-00C04F79EFBC}") = "Fuel", "Fuel.csproj", "{D9990C5C-9FA9-4E2A-B798-C93D42320840}"
EndProject
Project("{FAE04EC0-301F-11D3-BF4B-00C04F79EFBC}") = "Retro", "..\RetroControls\Retro.csproj", "{B01883AB-C352-4038-A25E-7B9CB9D443D4}"
EndProject
Global
	GlobalSection(SolutionConfigurationPlatforms) = preSolution
		Debug|Any CPU = Debug|Any CPU
		Release|Any CPU = Release|Any CPU
	EndGlobalSection
	GlobalSection(ProjectConfigurationPlatforms) = postSolution
		{D9990C5C-9FA9-4E2A-B798-C93D42320840}.Debug|Any CPU.ActiveCfg = Debug|Any CPU
		{D9990C5C-9FA9-4E2A-B798-C93D42320840}.Debug|Any CPU.Build.0 = Debug|Any CPU
		{D9990C5C-9FA9-4E2A-B798-C93D42320840}.Release|Any CPU.ActiveCfg = Release|Any CPU
		{D9990C5C-9FA9-4E2A-B798-C93D42320840}.Release|Any CPU.Build.0 = Release|Any CPU
		{B01883AB-C352-4038-A25E-7B9CB9D443D4}.Debug|Any CPU.ActiveCfg = Debug|Any CPU
		{B01883AB-C352-4038-A25E-7B9CB9D443D4}.Debug|Any CPU.Build.0 = Debug|Any CPU
		{B01883AB-C352-4038-A25E-7B9CB9D443D4}.Release|Any CPU.ActiveCfg = Release|Any CPU
		{B01883AB-C352-4038-A25E-7B9CB9D443D4}.Release|Any CPU.Build.0 = Release|Any CPU
	EndGlobalSection
	GlobalSection(SolutionProperties) = preSolution
		HideSolutionNode = FALSE
	EndGlobalSection
	GlobalSection(ExtensibilityGlobals) = postSolution
		SolutionGuid = {50FDA4D0-A64C-4273-BD5A-E8851BBBEA0E}
	EndGlobalSection
EndGlobal
